
Microsoft Visual Studio Solution File, Format Version 12.00
# Visual Studio 15
Project("{FAE04EC0-301F-11D3-BF4B-00C04F79EFBC}") = "PractiquesDivisions", "PractiquesDivisions\PractiquesDivisions.csproj", "{7645264B-229D-4C1C-A413-314142C9481E}"
EndProject
Global
	GlobalSection(SolutionConfigurationPlatforms) = preSolution
		Debug|Any CPU = Debug|Any CPU
		Release|Any CPU = Release|Any CPU
	EndGlobalSection
	GlobalSection(ProjectConfigurationPlatforms) = postSolution
		{7645264B-229D-4C1C-A413-314142C9481E}.Debug|Any CPU.ActiveCfg = Debug|Any CPU
		{7645264B-229D-4C1C-A413-314142C9481E}.Debug|Any CPU.Build.0 = Debug|Any CPU
		{7645264B-229D-4C1C-A413-314142C9481E}.Release|Any CPU.ActiveCfg = Release|Any CPU
		{7645264B-229D-4C1C-A413-314142C9481E}.Release|Any CPU.Build.0 = Release|Any CPU
	EndGlobalSection
EndGlobal
