
Microsoft Visual Studio Solution File, Format Version 12.00
# Visual Studio Version 16
VisualStudioVersion = 16.0.29926.136
MinimumVisualStudioVersion = 10.0.40219.1
Project("{FAE04EC0-301F-11D3-BF4B-00C04F79EFBC}") = "objectMethods", "objectMethods\objectMethods.csproj", "{D3D67F53-92C4-4F4A-96BE-821792468B8D}"
EndProject
Global
	GlobalSection(SolutionConfigurationPlatforms) = preSolution
		Debug|Any CPU = Debug|Any CPU
		Release|Any CPU = Release|Any CPU
	EndGlobalSection
	GlobalSection(ProjectConfigurationPlatforms) = postSolution
		{D3D67F53-92C4-4F4A-96BE-821792468B8D}.Debug|Any CPU.ActiveCfg = Debug|Any CPU
		{D3D67F53-92C4-4F4A-96BE-821792468B8D}.Debug|Any CPU.Build.0 = Debug|Any CPU
		{D3D67F53-92C4-4F4A-96BE-821792468B8D}.Release|Any CPU.ActiveCfg = Release|Any CPU
		{D3D67F53-92C4-4F4A-96BE-821792468B8D}.Release|Any CPU.Build.0 = Release|Any CPU
	EndGlobalSection
	GlobalSection(SolutionProperties) = preSolution
		HideSolutionNode = FALSE
	EndGlobalSection
	GlobalSection(ExtensibilityGlobals) = postSolution
		SolutionGuid = {33961FFD-9263-4E46-B8A0-EC19F897E1CA}
	EndGlobalSection
EndGlobal
