
Microsoft Visual Studio Solution File, Format Version 12.00
# Visual Studio Version 16
VisualStudioVersion = 16.0.29926.136
MinimumVisualStudioVersion = 10.0.40219.1
Project("{FAE04EC0-301F-11D3-BF4B-00C04F79EFBC}") = "Classes", "Classes\Classes.csproj", "{20948487-C5BE-4A9C-812F-DB9EC01BA444}"
EndProject
Global
	GlobalSection(SolutionConfigurationPlatforms) = preSolution
		Debug|Any CPU = Debug|Any CPU
		Release|Any CPU = Release|Any CPU
	EndGlobalSection
	GlobalSection(ProjectConfigurationPlatforms) = postSolution
		{20948487-C5BE-4A9C-812F-DB9EC01BA444}.Debug|Any CPU.ActiveCfg = Debug|Any CPU
		{20948487-C5BE-4A9C-812F-DB9EC01BA444}.Debug|Any CPU.Build.0 = Debug|Any CPU
		{20948487-C5BE-4A9C-812F-DB9EC01BA444}.Release|Any CPU.ActiveCfg = Release|Any CPU
		{20948487-C5BE-4A9C-812F-DB9EC01BA444}.Release|Any CPU.Build.0 = Release|Any CPU
	EndGlobalSection
	GlobalSection(SolutionProperties) = preSolution
		HideSolutionNode = FALSE
	EndGlobalSection
	GlobalSection(ExtensibilityGlobals) = postSolution
		SolutionGuid = {19F3BBB0-C1E5-4627-9E17-29DAA6A22DF7}
	EndGlobalSection
EndGlobal
